
Microsoft Visual Studio Solution File, Format Version 12.00
# Visual Studio Version 17
VisualStudioVersion = 17.14.36623.8
MinimumVisualStudioVersion = 10.0.40219.1
Project("{FAE04EC0-301F-11D3-BF4B-00C04F79EFBC}") = "taskone", "taskone\taskone.csproj", "{6CDE5261-417D-4252-86C5-ACA62F191265}"
EndProject
Project("{FAE04EC0-301F-11D3-BF4B-00C04F79EFBC}") = "task 2", "..\task 2\task 2.csproj", "{70418E8C-BAC7-4347-9D56-F2BD1939E14E}"
EndProject
Project("{FAE04EC0-301F-11D3-BF4B-00C04F79EFBC}") = "Task 3", "..\Task 3\Task 3.csproj", "{1DE2B635-D1C5-48E9-9CF1-B046CA72E483}"
EndProject
Project("{FAE04EC0-301F-11D3-BF4B-00C04F79EFBC}") = "Task 4", "Task 4\Task 4.csproj", "{C8E04DDF-B2D8-4681-BFA8-878724568212}"
EndProject
Global
	GlobalSection(SolutionConfigurationPlatforms) = preSolution
		Debug|Any CPU = Debug|Any CPU
		Release|Any CPU = Release|Any CPU
	EndGlobalSection
	GlobalSection(ProjectConfigurationPlatforms) = postSolution
		{6CDE5261-417D-4252-86C5-ACA62F191265}.Debug|Any CPU.ActiveCfg = Debug|Any CPU
		{6CDE5261-417D-4252-86C5-ACA62F191265}.Debug|Any CPU.Build.0 = Debug|Any CPU
		{6CDE5261-417D-4252-86C5-ACA62F191265}.Release|Any CPU.ActiveCfg = Release|Any CPU
		{6CDE5261-417D-4252-86C5-ACA62F191265}.Release|Any CPU.Build.0 = Release|Any CPU
		{70418E8C-BAC7-4347-9D56-F2BD1939E14E}.Debug|Any CPU.ActiveCfg = Debug|Any CPU
		{70418E8C-BAC7-4347-9D56-F2BD1939E14E}.Debug|Any CPU.Build.0 = Debug|Any CPU
		{70418E8C-BAC7-4347-9D56-F2BD1939E14E}.Release|Any CPU.ActiveCfg = Release|Any CPU
		{70418E8C-BAC7-4347-9D56-F2BD1939E14E}.Release|Any CPU.Build.0 = Release|Any CPU
		{1DE2B635-D1C5-48E9-9CF1-B046CA72E483}.Debug|Any CPU.ActiveCfg = Debug|Any CPU
		{1DE2B635-D1C5-48E9-9CF1-B046CA72E483}.Debug|Any CPU.Build.0 = Debug|Any CPU
		{1DE2B635-D1C5-48E9-9CF1-B046CA72E483}.Release|Any CPU.ActiveCfg = Release|Any CPU
		{1DE2B635-D1C5-48E9-9CF1-B046CA72E483}.Release|Any CPU.Build.0 = Release|Any CPU
		{C8E04DDF-B2D8-4681-BFA8-878724568212}.Debug|Any CPU.ActiveCfg = Debug|Any CPU
		{C8E04DDF-B2D8-4681-BFA8-878724568212}.Debug|Any CPU.Build.0 = Debug|Any CPU
		{C8E04DDF-B2D8-4681-BFA8-878724568212}.Release|Any CPU.ActiveCfg = Release|Any CPU
		{C8E04DDF-B2D8-4681-BFA8-878724568212}.Release|Any CPU.Build.0 = Release|Any CPU
	EndGlobalSection
	GlobalSection(SolutionProperties) = preSolution
		HideSolutionNode = FALSE
	EndGlobalSection
	GlobalSection(ExtensibilityGlobals) = postSolution
		SolutionGuid = {A0662543-53CB-48E1-AA5E-BB3B5C5C4956}
	EndGlobalSection
EndGlobal
